
Microsoft Visual Studio Solution File, Format Version 12.00
# Visual Studio Version 17
VisualStudioVersion = 17.8.34511.84
MinimumVisualStudioVersion = 10.0.40219.1
Project("{9A19103F-16F7-4668-BE54-9A1E7A4F7556}") = "EShopWebApp", "EShopWebApp\EShopWebApp.csproj", "{FF822C8E-65F6-4277-8EDA-830B2E580BCB}"
EndProject
Project("{9A19103F-16F7-4668-BE54-9A1E7A4F7556}") = "EShopWebApp.Core", "EShopWebApp.Core\EShopWebApp.Core.csproj", "{3CACEBAA-ECAD-41E8-A3F7-51BF5250F200}"
EndProject
Project("{9A19103F-16F7-4668-BE54-9A1E7A4F7556}") = "EShopWebApp.Infrastructure", "EShopWebApp.Infrastructure\EShopWebApp.Infrastructure.csproj", "{EFC9630D-8D7C-4E6A-AAC5-5C9B39DDD190}"
EndProject
Global
	GlobalSection(SolutionConfigurationPlatforms) = preSolution
		Debug|Any CPU = Debug|Any CPU
		Release|Any CPU = Release|Any CPU
	EndGlobalSection
	GlobalSection(ProjectConfigurationPlatforms) = postSolution
		{FF822C8E-65F6-4277-8EDA-830B2E580BCB}.Debug|Any CPU.ActiveCfg = Debug|Any CPU
		{FF822C8E-65F6-4277-8EDA-830B2E580BCB}.Debug|Any CPU.Build.0 = Debug|Any CPU
		{FF822C8E-65F6-4277-8EDA-830B2E580BCB}.Release|Any CPU.ActiveCfg = Release|Any CPU
		{FF822C8E-65F6-4277-8EDA-830B2E580BCB}.Release|Any CPU.Build.0 = Release|Any CPU
		{3CACEBAA-ECAD-41E8-A3F7-51BF5250F200}.Debug|Any CPU.ActiveCfg = Debug|Any CPU
		{3CACEBAA-ECAD-41E8-A3F7-51BF5250F200}.Debug|Any CPU.Build.0 = Debug|Any CPU
		{3CACEBAA-ECAD-41E8-A3F7-51BF5250F200}.Release|Any CPU.ActiveCfg = Release|Any CPU
		{3CACEBAA-ECAD-41E8-A3F7-51BF5250F200}.Release|Any CPU.Build.0 = Release|Any CPU
		{EFC9630D-8D7C-4E6A-AAC5-5C9B39DDD190}.Debug|Any CPU.ActiveCfg = Debug|Any CPU
		{EFC9630D-8D7C-4E6A-AAC5-5C9B39DDD190}.Debug|Any CPU.Build.0 = Debug|Any CPU
		{EFC9630D-8D7C-4E6A-AAC5-5C9B39DDD190}.Release|Any CPU.ActiveCfg = Release|Any CPU
		{EFC9630D-8D7C-4E6A-AAC5-5C9B39DDD190}.Release|Any CPU.Build.0 = Release|Any CPU
	EndGlobalSection
	GlobalSection(SolutionProperties) = preSolution
		HideSolutionNode = FALSE
	EndGlobalSection
	GlobalSection(ExtensibilityGlobals) = postSolution
		SolutionGuid = {0A913AA5-A897-451C-94E0-B4360C04155A}
	EndGlobalSection
EndGlobal
